# This file is machine-generated by `gh actions-lock`.
# Do not edit by hand; run `gh actions-lock` to update.
# Docs: https://gh.io/actions-lockfile
#
# Minted with the julia-library archetype. Resolutions verified 2026-09-19
# (see the workflow headers). Regenerate in the same PR as any uses: change.
version: 'v0.0.2'
workflows:
    '.github/workflows/julia-ci.yml':
        - 'actions/checkout@v7.0.1'
        - 'julia-actions/cache@v2'
        - 'julia-actions/setup-julia@v3.0.2'
    '.github/workflows/julia-docs.yml':
        - 'actions/checkout@v7.0.1'
        - 'julia-actions/cache@v2'
        - 'julia-actions/julia-buildpkg@v1'
        - 'julia-actions/julia-docdeploy@v1'
        - 'julia-actions/setup-julia@v3.0.2'
