# This file is machine-generated by `gh actions-lock`.
# Do not edit by hand; run `gh actions-lock` to update.
# Docs: https://gh.io/actions-lockfile
version: 'v0.0.2'
workflows:
    '.github/workflows/build-notification.yml':
        - 'actions/checkout@v7.0.1'
    '.github/workflows/codeql.yml':
        - 'actions/checkout@v7.0.1'
        - 'github/codeql-action@b96794f015dfd88f77b49b1c93e0fa7110f94c63'
    '.github/workflows/deed-validate.yml':
        - 'actions/checkout@v7.0.1'
        - 'hyperpolymath/deed-ecosystem@main'
    '.github/workflows/dependabot-automerge.yml':
        - 'dependabot/fetch-metadata@v3.1.0'
    '.github/workflows/docker-build.yml':
        - 'actions/checkout@v7.0.1'
    '.github/workflows/dogfood-gate.yml':
        - 'actions/checkout@v7.0.1'
        - 'erlef/setup-beam@v1.24.1'
        - 'hyperpolymath/deed-ecosystem@main'
        - 'hyperpolymath/k9-ecosystem@main'
    '.github/workflows/dogfood-summary.yml':
        - 'actions/checkout@v7.0.1'
    '.github/workflows/dot-wellknown-enforcement.yml':
        - 'actions/checkout@v7.0.1'
    '.github/workflows/eclexiaiser-validate.yml':
        - 'actions/checkout@v7.0.1'
    '.github/workflows/empty-linter.yml':
        - 'actions/checkout@v7.0.1'
    '.github/workflows/estate-rules.yml':
        - 'actions/checkout@v7.0.1'
    '.github/workflows/governance.yml':
        - 'hyperpolymath/standards@da2c748aad55c1a1dcba00b60fe4a35017bc6540'
    '.github/workflows/groove-check.yml':
        - 'actions/checkout@v7.0.1'
    '.github/workflows/guix-policy.yml':
        - 'actions/checkout@v7.0.1'
    '.github/workflows/hypatia-scan.yml':
        - 'hyperpolymath/standards@da2c748aad55c1a1dcba00b60fe4a35017bc6540'
    '.github/workflows/k9-validate.yml':
        - 'actions/checkout@v7.0.1'
        - 'hyperpolymath/k9-ecosystem@main'
    '.github/workflows/label-triage.yml': []
    '.github/workflows/labels.yml': []
    '.github/workflows/lock-sync-gate.yml': []
    '.github/workflows/main-estate-audit.yml':
        - 'hyperpolymath/cicd-suite@55556cf5ba71ba744695861503c13148d3915a5d'
    '.github/workflows/mirror.yml':
        - 'hyperpolymath/standards@da2c748aad55c1a1dcba00b60fe4a35017bc6540'
    '.github/workflows/ossf-best-practices.yml':
        - 'actions/checkout@v7.0.1'
    '.github/workflows/pages.yml':
        - 'actions/cache@v6.1.0'
        - 'actions/checkout@v7.0.1'
        - 'actions/configure-pages@v6.0.0'
        - 'actions/deploy-pages@v5.0.1'
        - 'actions/upload-pages-artifact@v5.0.0'
        - 'haskell-actions/setup@v2.12.0'
    '.github/workflows/push-email-notify.yml':
        - 'hyperpolymath/smtp-notify-action@v0.3.0'
    '.github/workflows/quality.yml':
        - 'actions/checkout@v7.0.1'
        - 'editorconfig-checker/action-editorconfig-checker@v3.0.0'
    '.github/workflows/release.yml':
        - 'actions/attest-build-provenance@v4.2.2'
        - 'actions/checkout@v7.0.1'
        - 'actions/upload-artifact@v7.0.1'
        - 'softprops/action-gh-release@v3.0.3'
    '.github/workflows/rsr-compliance-canary.yml':
        - 'actions/checkout@v7.0.1'
    '.github/workflows/runtime-policy.yml':
        - 'actions/checkout@v7.0.1'
    '.github/workflows/rust-ci.yml':
        - 'hyperpolymath/standards@da2c748aad55c1a1dcba00b60fe4a35017bc6540'
    '.github/workflows/scorecard.yml':
        - 'hyperpolymath/standards@da2c748aad55c1a1dcba00b60fe4a35017bc6540'
    '.github/workflows/secret-scanner.yml':
        - 'hyperpolymath/standards@da2c748aad55c1a1dcba00b60fe4a35017bc6540'
    '.github/workflows/security-policy.yml':
        - 'actions/checkout@v7.0.1'
    '.github/workflows/sonarqube.yml':
        - 'actions/checkout@v7.0.1'
        - 'sonarsource/sonarqube-scan-action@v8.2.2'
    '.github/workflows/static-analysis-gate.yml':
        - 'actions/checkout@v7.0.1'
        - 'actions/download-artifact@v8.0.1'
        - 'actions/upload-artifact@v7.0.1'
        - 'erlef/setup-beam@v1.24.1'
    '.github/workflows/workflow-linter.yml':
        - 'actions/checkout@v7.0.1'
        - 'oven-sh/setup-bun@v2.2.0'
dependencies:
    'Swatinem/rust-cache@6323deb102c322ba6fcbdcafc7e3dddab59af2b6':
        ref: '6323deb102c322ba6fcbdcafc7e3dddab59af2b6'
        commit: 'sha1-6323deb102c322ba6fcbdcafc7e3dddab59af2b6'
        owner_id: 580492
        repo_id: 298565987
    'actions/attest-build-provenance@v4.2.2':
        ref: 'v4.2.2'
        commit: 'sha1-4d101475d8b20a2381f78447822ac1eab6504dd8'
        owner_id: 44036562
        repo_id: 760702757
        uses:
            - 'actions/attest@508db95dd578ae2727ebd6217d5ba78e4fbda05d'
    'actions/attest@508db95dd578ae2727ebd6217d5ba78e4fbda05d':
        ref: 'v4.2.1'
        commit: 'sha1-508db95dd578ae2727ebd6217d5ba78e4fbda05d'
        owner_id: 44036562
        repo_id: 760701061
    'actions/cache@55cc8345863c7cc4c66a329aec7e433d2d1c52a9':
        ref: '55cc8345863c7cc4c66a329aec7e433d2d1c52a9'
        commit: 'sha1-55cc8345863c7cc4c66a329aec7e433d2d1c52a9'
        owner_id: 44036562
        repo_id: 215566462
    'actions/cache@v6.1.0':
        ref: 'v6.1.0'
        commit: 'sha1-55cc8345863c7cc4c66a329aec7e433d2d1c52a9'
        owner_id: 44036562
        repo_id: 215566462
    'actions/checkout@3d3c42e5aac5ba805825da76410c181273ba90b1':
        ref: '3d3c42e5aac5ba805825da76410c181273ba90b1'
        commit: 'sha1-3d3c42e5aac5ba805825da76410c181273ba90b1'
        owner_id: 44036562
        repo_id: 197814629
    'actions/checkout@v7.0.1':
        ref: 'v7.0.1'
        commit: 'sha1-3d3c42e5aac5ba805825da76410c181273ba90b1'
        owner_id: 44036562
        repo_id: 197814629
    'actions/configure-pages@v6.0.0':
        ref: 'v6.0.0'
        commit: 'sha1-45bfe0192ca1faeb007ade9deae92b16b8254a0d'
        owner_id: 44036562
        repo_id: 513659658
    'actions/deploy-pages@v5.0.1':
        ref: 'v5.0.1'
        commit: 'sha1-368f82528645a54fb793d4d04e342629a3f51346'
        owner_id: 44036562
        repo_id: 438112499
    'actions/download-artifact@v8.0.1':
        ref: 'v8.0.1'
        commit: 'sha1-3e5f45b2cfb9172054b4087a40e8e0b5a5461e7c'
        owner_id: 44036562
        repo_id: 192626254
    'actions/upload-artifact@043fb46d1a93c77aae656e7c1c64a875d1fc6a0a':
        ref: '043fb46d1a93c77aae656e7c1c64a875d1fc6a0a'
        commit: 'sha1-043fb46d1a93c77aae656e7c1c64a875d1fc6a0a'
        owner_id: 44036562
        repo_id: 192625955
    'actions/upload-artifact@bbbca2ddaa5d8feaa63e36b76fdaad77386f024f':
        ref: 'v7.0.0'
        commit: 'sha1-bbbca2ddaa5d8feaa63e36b76fdaad77386f024f'
        owner_id: 44036562
        repo_id: 192625955
    'actions/upload-artifact@v7.0.1':
        ref: 'v7.0.1'
        commit: 'sha1-043fb46d1a93c77aae656e7c1c64a875d1fc6a0a'
        owner_id: 44036562
        repo_id: 192625955
    'actions/upload-pages-artifact@v5.0.0':
        ref: 'v5.0.0'
        commit: 'sha1-fc324d3547104276b827a68afc52ff2a11cc49c9'
        owner_id: 44036562
        repo_id: 496012378
        uses:
            - 'actions/upload-artifact@bbbca2ddaa5d8feaa63e36b76fdaad77386f024f'
    'dependabot/fetch-metadata@v3.1.0':
        ref: 'v3.1.0'
        commit: 'sha1-25dd0e34f4fe68f24cc83900b1fe3fe149efef98'
        owner_id: 27347476
        repo_id: 371068214
    'dtolnay/rust-toolchain@6c977a6ca4077a0ceb28ffbe03f59d46e9ac8772':
        ref: '6c977a6ca4077a0ceb28ffbe03f59d46e9ac8772'
        commit: 'sha1-6c977a6ca4077a0ceb28ffbe03f59d46e9ac8772'
        owner_id: 1940490
        repo_id: 260749683
    'editorconfig-checker/action-editorconfig-checker@51f63319f592f97930c73d9c46184d20bd206393':
        ref: '51f63319f592f97930c73d9c46184d20bd206393'
        commit: 'sha1-51f63319f592f97930c73d9c46184d20bd206393'
        owner_id: 26415196
        repo_id: 297874902
    'editorconfig-checker/action-editorconfig-checker@v3.0.0':
        ref: 'v3.0.0'
        commit: 'sha1-51f63319f592f97930c73d9c46184d20bd206393'
        owner_id: 26415196
        repo_id: 297874902
    'erlef/setup-beam@54075bcc5e249e4758d363f27d099f55d843f124':
        ref: '54075bcc5e249e4758d363f27d099f55d843f124'
        commit: 'sha1-54075bcc5e249e4758d363f27d099f55d843f124'
        owner_id: 47606891
        repo_id: 331103973
    'erlef/setup-beam@v1.24.1':
        ref: 'v1.24.1'
        commit: 'sha1-54075bcc5e249e4758d363f27d099f55d843f124'
        owner_id: 47606891
        repo_id: 331103973
    'github/codeql-action@b96794f015dfd88f77b49b1c93e0fa7110f94c63':
        ref: 'v4.38.0'
        commit: 'sha1-b96794f015dfd88f77b49b1c93e0fa7110f94c63'
        owner_id: 9919
        repo_id: 259445878
    'github/codeql-action@cdf488f595d80d6e07e03d4674febd5ab45fa938':
        ref: 'cdf488f595d80d6e07e03d4674febd5ab45fa938'
        commit: 'sha1-cdf488f595d80d6e07e03d4674febd5ab45fa938'
        owner_id: 9919
        repo_id: 259445878
    'goto-bus-stop/setup-zig@abea47f85e598557f500fa1fd2ab7464fcb39406':
        ref: 'abea47f85e598557f500fa1fd2ab7464fcb39406'
        commit: 'sha1-abea47f85e598557f500fa1fd2ab7464fcb39406'
        owner_id: 1006268
        repo_id: 212984112
    'haskell-actions/setup@v2.12.0':
        ref: 'v2.12.0'
        commit: 'sha1-6037f33647c3f17758a2356c80fc4a53d7e0685d'
        owner_id: 75048950
        repo_id: 623796603
    'hyperpolymath/cicd-suite@0da816c05ae7486671d863e07935f93981c0c2d5':
        ref: '0da816c05ae7486671d863e07935f93981c0c2d5'
        commit: 'sha1-0da816c05ae7486671d863e07935f93981c0c2d5'
        owner_id: 6759885
        repo_id: 1326697643
    'hyperpolymath/cicd-suite@55556cf5ba71ba744695861503c13148d3915a5d':
        ref: '55556cf5ba71ba744695861503c13148d3915a5d'
        commit: 'sha1-55556cf5ba71ba744695861503c13148d3915a5d'
        owner_id: 6759885
        repo_id: 1326697643
        uses:
            - 'actions/checkout@3d3c42e5aac5ba805825da76410c181273ba90b1'
            - 'hyperpolymath/cicd-suite@0da816c05ae7486671d863e07935f93981c0c2d5'
    'hyperpolymath/deed-ecosystem@main':
        ref: 'main'
        commit: 'sha1-44f9c9fc42901a55e0f489a40eabf4173e550d1d'
        owner_id: 6759885
        repo_id: 1275649586
    'hyperpolymath/k9-ecosystem@main':
        ref: 'main'
        commit: 'sha1-2155aa26a21758f2ba119f61bc7e0e1981c106fb'
        owner_id: 6759885
        repo_id: 1275650185
    'hyperpolymath/smtp-notify-action@v0.3.0':
        ref: 'v0.3.0'
        commit: 'sha1-22e7bdb322c430c1d0dac6b3bb307f4bb139d0be'
        owner_id: 6759885
        repo_id: 1352485172
    'hyperpolymath/standards@da2c748aad55c1a1dcba00b60fe4a35017bc6540':
        ref: 'da2c748aad55c1a1dcba00b60fe4a35017bc6540'
        commit: 'sha1-da2c748aad55c1a1dcba00b60fe4a35017bc6540'
        owner_id: 6759885
        repo_id: 1116521501
        uses:
            - 'actions/cache@55cc8345863c7cc4c66a329aec7e433d2d1c52a9'
            - 'actions/checkout@3d3c42e5aac5ba805825da76410c181273ba90b1'
            - 'actions/upload-artifact@043fb46d1a93c77aae656e7c1c64a875d1fc6a0a'
            - 'dtolnay/rust-toolchain@6c977a6ca4077a0ceb28ffbe03f59d46e9ac8772'
            - 'editorconfig-checker/action-editorconfig-checker@51f63319f592f97930c73d9c46184d20bd206393'
            - 'erlef/setup-beam@54075bcc5e249e4758d363f27d099f55d843f124'
            - 'github/codeql-action@cdf488f595d80d6e07e03d4674febd5ab45fa938'
            - 'goto-bus-stop/setup-zig@abea47f85e598557f500fa1fd2ab7464fcb39406'
            - 'ossf/scorecard-action@2d1146689b8cda280b9bc96326124645441f03bc'
            - 'Swatinem/rust-cache@6323deb102c322ba6fcbdcafc7e3dddab59af2b6'
            - 'webfactory/ssh-agent@e83874834305fe9a4a2997156cb26c5de65a8555'
    'ossf/scorecard-action@2d1146689b8cda280b9bc96326124645441f03bc':
        ref: '2d1146689b8cda280b9bc96326124645441f03bc'
        commit: 'sha1-2d1146689b8cda280b9bc96326124645441f03bc'
        owner_id: 67707773
        repo_id: 421101922
    'oven-sh/setup-bun@v2.2.0':
        ref: 'v2.2.0'
        commit: 'sha1-0c5077e51419868618aeaa5fe8019c62421857d6'
        owner_id: 108928776
        repo_id: 512644635
    'softprops/action-gh-release@v3.0.3':
        ref: 'v3.0.3'
        commit: 'sha1-efb35369e0ad2afab669f228072c1b0d510eae64'
        owner_id: 2242
        repo_id: 204253808
    'sonarsource/sonarqube-scan-action@v8.2.2':
        ref: 'v8.2.2'
        commit: 'sha1-ba9859eae8dd6bd29e412f25ddbbef3d032000f4'
        owner_id: 545988
        repo_id: 366408409
    'webfactory/ssh-agent@e83874834305fe9a4a2997156cb26c5de65a8555':
        ref: 'e83874834305fe9a4a2997156cb26c5de65a8555'
        commit: 'sha1-e83874834305fe9a4a2997156cb26c5de65a8555'
        owner_id: 135788
        repo_id: 208510314
